
Microsoft Visual Studio Solution File, Format Version 12.00
# Visual Studio Version 17
VisualStudioVersion = 17.9.34622.214
MinimumVisualStudioVersion = 10.0.40219.1
Project("{FAE04EC0-301F-11D3-BF4B-00C04F79EFBC}") = "MinesweeperAPI", "MinesweeperAPI\MinesweeperAPI.csproj", "{B6BC3DE5-68A1-492A-A9F2-0BEA3A881E4F}"
EndProject
Project("{FAE04EC0-301F-11D3-BF4B-00C04F79EFBC}") = "MinesweeperAPI.Database", "MinesweeperAPI.Database\MinesweeperAPI.Database.csproj", "{80EDF48C-8DC4-4E3A-8F0B-A120420BBFF9}"
EndProject
Project("{FAE04EC0-301F-11D3-BF4B-00C04F79EFBC}") = "MinesweeperAPI.Models", "MinesweeperAPI.Models\MinesweeperAPI.Models.csproj", "{48B9055C-41D6-4BCE-BD19-D8623698532E}"
EndProject
Project("{FAE04EC0-301F-11D3-BF4B-00C04F79EFBC}") = "MinesweeperAPI.Services", "MinesweeperAPI.Services\MinesweeperAPI.Services.csproj", "{7A2D6CE9-D59E-4E0D-89A3-A239082827C8}"
EndProject
Global
	GlobalSection(SolutionConfigurationPlatforms) = preSolution
		Debug|Any CPU = Debug|Any CPU
		Release|Any CPU = Release|Any CPU
	EndGlobalSection
	GlobalSection(ProjectConfigurationPlatforms) = postSolution
		{B6BC3DE5-68A1-492A-A9F2-0BEA3A881E4F}.Debug|Any CPU.ActiveCfg = Debug|Any CPU
		{B6BC3DE5-68A1-492A-A9F2-0BEA3A881E4F}.Debug|Any CPU.Build.0 = Debug|Any CPU
		{B6BC3DE5-68A1-492A-A9F2-0BEA3A881E4F}.Release|Any CPU.ActiveCfg = Release|Any CPU
		{B6BC3DE5-68A1-492A-A9F2-0BEA3A881E4F}.Release|Any CPU.Build.0 = Release|Any CPU
		{80EDF48C-8DC4-4E3A-8F0B-A120420BBFF9}.Debug|Any CPU.ActiveCfg = Debug|Any CPU
		{80EDF48C-8DC4-4E3A-8F0B-A120420BBFF9}.Debug|Any CPU.Build.0 = Debug|Any CPU
		{80EDF48C-8DC4-4E3A-8F0B-A120420BBFF9}.Release|Any CPU.ActiveCfg = Release|Any CPU
		{80EDF48C-8DC4-4E3A-8F0B-A120420BBFF9}.Release|Any CPU.Build.0 = Release|Any CPU
		{48B9055C-41D6-4BCE-BD19-D8623698532E}.Debug|Any CPU.ActiveCfg = Debug|Any CPU
		{48B9055C-41D6-4BCE-BD19-D8623698532E}.Debug|Any CPU.Build.0 = Debug|Any CPU
		{48B9055C-41D6-4BCE-BD19-D8623698532E}.Release|Any CPU.ActiveCfg = Release|Any CPU
		{48B9055C-41D6-4BCE-BD19-D8623698532E}.Release|Any CPU.Build.0 = Release|Any CPU
		{7A2D6CE9-D59E-4E0D-89A3-A239082827C8}.Debug|Any CPU.ActiveCfg = Debug|Any CPU
		{7A2D6CE9-D59E-4E0D-89A3-A239082827C8}.Debug|Any CPU.Build.0 = Debug|Any CPU
		{7A2D6CE9-D59E-4E0D-89A3-A239082827C8}.Release|Any CPU.ActiveCfg = Release|Any CPU
		{7A2D6CE9-D59E-4E0D-89A3-A239082827C8}.Release|Any CPU.Build.0 = Release|Any CPU
	EndGlobalSection
	GlobalSection(SolutionProperties) = preSolution
		HideSolutionNode = FALSE
	EndGlobalSection
	GlobalSection(ExtensibilityGlobals) = postSolution
		SolutionGuid = {E170ADFA-AF3A-46EE-85FF-5976FEA03468}
	EndGlobalSection
EndGlobal
